
Microsoft Visual Studio Solution File, Format Version 12.00
# Visual Studio 15
VisualStudioVersion = 15.0.27703.2042
MinimumVisualStudioVersion = 10.0.40219.1
Project("{FAE04EC0-301F-11D3-BF4B-00C04F79EFBC}") = "NugetDarkTheme", "NugetDarkTheme\NugetDarkTheme.csproj", "{82D4083E-5C37-4DE7-ACB4-0600E2D6EC36}"
EndProject
Project("{FAE04EC0-301F-11D3-BF4B-00C04F79EFBC}") = "ClassLibrary", "ClassLibrary\ClassLibrary.csproj", "{FAA24CF8-03E3-4A40-9B7D-F43D867E8095}"
EndProject
Global
	GlobalSection(SolutionConfigurationPlatforms) = preSolution
		Debug|Any CPU = Debug|Any CPU
		Release|Any CPU = Release|Any CPU
	EndGlobalSection
	GlobalSection(ProjectConfigurationPlatforms) = postSolution
		{82D4083E-5C37-4DE7-ACB4-0600E2D6EC36}.Debug|Any CPU.ActiveCfg = Debug|Any CPU
		{82D4083E-5C37-4DE7-ACB4-0600E2D6EC36}.Debug|Any CPU.Build.0 = Debug|Any CPU
		{82D4083E-5C37-4DE7-ACB4-0600E2D6EC36}.Release|Any CPU.ActiveCfg = Release|Any CPU
		{82D4083E-5C37-4DE7-ACB4-0600E2D6EC36}.Release|Any CPU.Build.0 = Release|Any CPU
		{FAA24CF8-03E3-4A40-9B7D-F43D867E8095}.Debug|Any CPU.ActiveCfg = Debug|Any CPU
		{FAA24CF8-03E3-4A40-9B7D-F43D867E8095}.Debug|Any CPU.Build.0 = Debug|Any CPU
		{FAA24CF8-03E3-4A40-9B7D-F43D867E8095}.Release|Any CPU.ActiveCfg = Release|Any CPU
		{FAA24CF8-03E3-4A40-9B7D-F43D867E8095}.Release|Any CPU.Build.0 = Release|Any CPU
	EndGlobalSection
	GlobalSection(SolutionProperties) = preSolution
		HideSolutionNode = FALSE
	EndGlobalSection
	GlobalSection(ExtensibilityGlobals) = postSolution
		SolutionGuid = {E5C3B162-EECE-4CA2-95BE-35B8885F9316}
	EndGlobalSection
EndGlobal
